PODS:
  - Alamofire (5.10.2)
  - AppAuth (1.7.6):
    - AppAuth/Core (= 1.7.6)
    - AppAuth/ExternalUserAgent (= 1.7.6)
  - AppAuth/Core (1.7.6)
  - AppAuth/ExternalUserAgent (1.7.6):
    - AppAuth/Core
  - BigInt (5.2.0)
  - Capacitor (7.6.7):
    - CapacitorCordova
  - CapacitorApp (7.1.2):
    - Capacitor
  - CapacitorBrowser (7.0.5):
    - Capacitor
  - CapacitorCordova (7.6.7)
  - CapacitorFirebaseAuthentication (7.5.0):
    - Capacitor
    - CapacitorFirebaseAuthentication/Lite (= 7.5.0)
    - FirebaseAuth (~> 11.7.0)
  - CapacitorFirebaseAuthentication/Google (7.5.0):
    - Capacitor
    - FirebaseAuth (~> 11.7.0)
    - GoogleSignIn (= 7.1.0)
  - CapacitorFirebaseAuthentication/Lite (7.5.0):
    - Capacitor
    - FirebaseAuth (~> 11.7.0)
  - CapacitorShare (7.0.4):
    - Capacitor
  - CapacitorStatusBar (7.0.6):
    - Capacitor
  - CapgoCapacitorNavigationBar (8.2.5):
    - Capacitor
  - CapgoCapacitorUpdater (7.45.10):
    - Alamofire (= 5.10.2)
    - BigInt (= 5.2.0)
    - Capacitor
    - Version (= 0.8.0)
    - ZIPFoundation (~> 0.9)
  - FirebaseAppCheckInterop (11.15.0)
  - FirebaseAuth (11.7.0):
    - FirebaseAppCheckInterop (~> 11.0)
    - FirebaseAuthInterop (~> 11.0)
    - FirebaseCore (~> 11.7.0)
    - FirebaseCoreExtension (~> 11.7.0)
    - GoogleUtilities/AppDelegateSwizzler (~> 8.0)
    - GoogleUtilities/Environment (~> 8.0)
    - GTMSessionFetcher/Core (< 5.0, >= 3.4)
    - RecaptchaInterop (~> 100.0)
  - FirebaseAuthInterop (11.15.0)
  - FirebaseCore (11.7.0):
    - FirebaseCoreInternal (~> 11.7.0)
    - GoogleUtilities/Environment (~> 8.0)
    - GoogleUtilities/Logger (~> 8.0)
  - FirebaseCoreExtension (11.7.0):
    - FirebaseCore (~> 11.7.0)
  - FirebaseCoreInternal (11.7.0):
    - "GoogleUtilities/NSData+zlib (~> 8.0)"
  - GoogleSignIn (7.1.0):
    - AppAuth (< 2.0, >= 1.7.3)
    - GTMAppAuth (< 5.0, >= 4.1.1)
    - GTMSessionFetcher/Core (~> 3.3)
  - GoogleUtilities/AppDelegateSwizzler (8.1.1):
    - GoogleUtilities/Environment
    - GoogleUtilities/Logger
    - GoogleUtilities/Network
    - GoogleUtilities/Privacy
  - GoogleUtilities/Environment (8.1.1):
    - GoogleUtilities/Privacy
  - GoogleUtilities/Logger (8.1.1):
    - GoogleUtilities/Environment
    - GoogleUtilities/Privacy
  - GoogleUtilities/Network (8.1.1):
    - GoogleUtilities/Logger
    - "GoogleUtilities/NSData+zlib"
    - GoogleUtilities/Privacy
    - GoogleUtilities/Reachability
  - "GoogleUtilities/NSData+zlib (8.1.1)":
    - GoogleUtilities/Privacy
  - GoogleUtilities/Privacy (8.1.1)
  - GoogleUtilities/Reachability (8.1.1):
    - GoogleUtilities/Logger
    - GoogleUtilities/Privacy
  - GTMAppAuth (4.1.1):
    - AppAuth/Core (~> 1.7)
    - GTMSessionFetcher/Core (< 4.0, >= 3.3)
  - GTMSessionFetcher/Core (3.5.0)
  - RecaptchaInterop (100.0.0)
  - SendIntent (7.0.0):
    - Capacitor
  - Version (0.8.0)
  - ZIPFoundation (0.9.20)

DEPENDENCIES:
  - "Capacitor (from `../../node_modules/@capacitor/ios`)"
  - "CapacitorApp (from `../../node_modules/@capacitor/app`)"
  - "CapacitorBrowser (from `../../node_modules/@capacitor/browser`)"
  - "CapacitorCordova (from `../../node_modules/@capacitor/ios`)"
  - "CapacitorFirebaseAuthentication (from `../../node_modules/@capacitor-firebase/authentication`)"
  - "CapacitorFirebaseAuthentication/Google (from `../../node_modules/@capacitor-firebase/authentication`)"
  - "CapacitorShare (from `../../node_modules/@capacitor/share`)"
  - "CapacitorStatusBar (from `../../node_modules/@capacitor/status-bar`)"
  - "CapgoCapacitorNavigationBar (from `../../node_modules/@capgo/capacitor-navigation-bar`)"
  - "CapgoCapacitorUpdater (from `../../node_modules/@capgo/capacitor-updater`)"
  - SendIntent (from `../../node_modules/send-intent`)

SPEC REPOS:
  trunk:
    - Alamofire
    - AppAuth
    - BigInt
    - FirebaseAppCheckInterop
    - FirebaseAuth
    - FirebaseAuthInterop
    - FirebaseCore
    - FirebaseCoreExtension
    - FirebaseCoreInternal
    - GoogleSignIn
    - GoogleUtilities
    - GTMAppAuth
    - GTMSessionFetcher
    - RecaptchaInterop
    - Version
    - ZIPFoundation

EXTERNAL SOURCES:
  Capacitor:
    :path: "../../node_modules/@capacitor/ios"
  CapacitorApp:
    :path: "../../node_modules/@capacitor/app"
  CapacitorBrowser:
    :path: "../../node_modules/@capacitor/browser"
  CapacitorCordova:
    :path: "../../node_modules/@capacitor/ios"
  CapacitorFirebaseAuthentication:
    :path: "../../node_modules/@capacitor-firebase/authentication"
  CapacitorShare:
    :path: "../../node_modules/@capacitor/share"
  CapacitorStatusBar:
    :path: "../../node_modules/@capacitor/status-bar"
  CapgoCapacitorNavigationBar:
    :path: "../../node_modules/@capgo/capacitor-navigation-bar"
  CapgoCapacitorUpdater:
    :path: "../../node_modules/@capgo/capacitor-updater"
  SendIntent:
    :path: "../../node_modules/send-intent"

SPEC CHECKSUMS:
  Alamofire: 7193b3b92c74a07f85569e1a6c4f4237291e7496
  AppAuth: d4f13a8fe0baf391b2108511793e4b479691fb73
  BigInt: f668a80089607f521586bbe29513d708491ef2f7
  Capacitor: 8ef25ba872436d2c5ac2a4791f7255529bdcd93b
  CapacitorApp: f01a913211780e0718dae9750442c3e23f96e106
  CapacitorBrowser: 6d09f59655e89aede71654ef08b98de55cf032b6
  CapacitorCordova: 139e2ed3d91c54b5aeae7941135c9f9aefc6da1d
  CapacitorFirebaseAuthentication: c5d02225dc97a1192f3b615f8c0df2ef910c40b7
  CapacitorShare: 25f7fc5dd0e4edbde5d6801c6de5d14a8b450a41
  CapacitorStatusBar: 416e9e53fd6397e668d4a181cd2131617d949bd6
  CapgoCapacitorNavigationBar: b1ed7220ddd3ca6990709e5944f05b7ba43b75da
  CapgoCapacitorUpdater: e2ec6954d5f24d4b340ed155ade8fa91085d91b1
  FirebaseAppCheckInterop: 06fe5a3799278ae4667e6c432edd86b1030fa3df
  FirebaseAuth: 77e25aa24f3e1c626c5babd3338551fc1669ee0e
  FirebaseAuthInterop: 7087d7a4ee4bc4de019b2d0c240974ed5d89e2fd
  FirebaseCore: 3227e35f4197a924206fbcdc0349325baf4f5de4
  FirebaseCoreExtension: 206c1b399f0d103055207c16f299b28e3dbd1949
  FirebaseCoreInternal: d6c17dafc8dc33614733a8b52df78fcb4394c881
  GoogleSignIn: d4281ab6cf21542b1cfaff85c191f230b399d2db
  GoogleUtilities: 4f2618a4a1e762a1ee134a1e2323bba9843e06da
  GTMAppAuth: f69bd07d68cd3b766125f7e072c45d7340dea0de
  GTMSessionFetcher: 5aea5ba6bd522a239e236100971f10cb71b96ab6
  RecaptchaInterop: 7d1a4a01a6b2cb1610a47ef3f85f0c411434cb21
  SendIntent: 8a6f646a4489f788d253ffbd1082a98ea388d870
  Version: de5907f2c5d0f3cf21708db7801d1d5401139486
  ZIPFoundation: dfd3d681c4053ff7e2f7350bc4e53b5dba3f5351

PODFILE CHECKSUM: 68a59463f75faa104d7d07649989b4ab1d88cd42

COCOAPODS: 1.16.2
